// !$*UTF8*$!
{
	archiveVersion = 1;
	classes = {
	};
	objectVersion = 48;
	objects = {

/* Begin PBXBuildFile section */
		652854882040BC7B00C4D461 /* AppDelegate.swift in Sources */ = {isa = PBXBuildFile; fileRef = 652854872040BC7B00C4D461 /* AppDelegate.swift */; };
		6528548A2040BC7B00C4D461 /* ViewController.swift in Sources */ = {isa = PBXBuildFile; fileRef = 652854892040BC7B00C4D461 /* ViewController.swift */; };
		6528548D2040BC7B00C4D461 /* Main.storyboard in Resources */ = {isa = PBXBuildFile; fileRef = 6528548B2040BC7B00C4D461 /* Main.storyboard */; };
		6528548F2040BC7B00C4D461 /* Assets.xcassets in Resources */ = {isa = PBXBuildFile; fileRef = 6528548E2040BC7B00C4D461 /* Assets.xcassets */; };
		652854922040BC7B00C4D461 /* LaunchScreen.storyboard in Resources */ = {isa = PBXBuildFile; fileRef = 652854902040BC7B00C4D461 /* LaunchScreen.storyboard */; };
		6528549D2040BC7B00C4D461 /* SwiftPHPMySQLTests.swift in Sources */ = {isa = PBXBuildFile; fileRef = 6528549C2040BC7B00C4D461 /* SwiftPHPMySQLTests.swift */; };
		652854A82040BC7B00C4D461 /* SwiftPHPMySQLUITests.swift in Sources */ = {isa = PBXBuildFile; fileRef = 652854A72040BC7B00C4D461 /* SwiftPHPMySQLUITests.swift */; };
/* End PBXBuildFile section */

/* Begin PBXContainerItemProxy section */
		652854992040BC7B00C4D461 /* PBXContainerItemProxy */ = {
			isa = PBXContainerItemProxy;
			containerPortal = 6528547C2040BC7A00C4D461 /* Project object */;
			proxyType = 1;
			remoteGlobalIDString = 652854832040BC7A00C4D461;
			remoteInfo = SwiftPHPMySQL;
		};
		652854A42040BC7B00C4D461 /* PBXContainerItemProxy */ = {
			isa = PBXContainerItemProxy;
			containerPortal = 6528547C2040BC7A00C4D461 /* Project object */;
			proxyType = 1;
			remoteGlobalIDString = 652854832040BC7A00C4D461;
			remoteInfo = SwiftPHPMySQL;
		};
/* End PBXContainerItemProxy section */

/* Begin PBXFileReference section */
		652854842040BC7A00C4D461 /* SwiftPHPMySQL.app */ = {isa = PBXFileReference; explicitFileType = wrapper.application; includeInIndex = 0; path = SwiftPHPMySQL.app; sourceTree = BUILT_PRODUCTS_DIR; };
		652854872040BC7B00C4D461 /* AppDelegate.swift */ = {isa = PBXFileReference; lastKnownFileType = sourcecode.swift; path = AppDelegate.swift; sourceTree = "<group>"; };
		652854892040BC7B00C4D461 /* ViewController.swift */ = {isa = PBXFileReference; lastKnownFileType = sourcecode.swift; path = ViewController.swift; sourceTree = "<group>"; };
		6528548C2040BC7B00C4D461 /* Base */ = {isa = PBXFileReference; lastKnownFileType = file.storyboard; name = Base; path = Base.lproj/Main.storyboard; sourceTree = "<group>"; };
		6528548E2040BC7B00C4D461 /* Assets.xcassets */ = {isa = PBXFileReference; lastKnownFileType = folder.assetcatalog; path = Assets.xcassets; sourceTree = "<group>"; };
		652854912040BC7B00C4D461 /* Base */ = {isa = PBXFileReference; lastKnownFileType = file.storyboard; name = Base; path = Base.lproj/LaunchScreen.storyboard; sourceTree = "<group>"; };
		652854932040BC7B00C4D461 /* Info.plist */ = {isa = PBXFileReference; lastKnownFileType = text.plist.xml; path = Info.plist; sourceTree = "<group>"; };
		652854982040BC7B00C4D461 /* SwiftPHPMySQLTests.xctest */ = {isa = PBXFileReference; explicitFileType = wrapper.cfbundle; includeInIndex = 0; path = SwiftPHPMySQLTests.xctest; sourceTree = BUILT_PRODUCTS_DIR; };
		6528549C2040BC7B00C4D461 /* SwiftPHPMySQLTests.swift */ = {isa = PBXFileReference; lastKnownFileType = sourcecode.swift; path = SwiftPHPMySQLTests.swift; sourceTree = "<group>"; };
		6528549E2040BC7B00C4D461 /* Info.plist */ = {isa = PBXFileReference; lastKnownFileType = text.plist.xml; path = Info.plist; sourceTree = "<group>"; };
		652854A32040BC7B00C4D461 /* SwiftPHPMySQLUITests.xctest */ = {isa = PBXFileReference; explicitFileType = wrapper.cfbundle; includeInIndex = 0; path = SwiftPHPMySQLUITests.xctest; sourceTree = BUILT_PRODUCTS_DIR; };
		652854A72040BC7B00C4D461 /* SwiftPHPMySQLUITests.swift */ = {isa = PBXFileReference; lastKnownFileType = sourcecode.swift; path = SwiftPHPMySQLUITests.swift; sourceTree = "<group>"; };
		652854A92040BC7B00C4D461 /* Info.plist */ = {isa = PBXFileReference; lastKnownFileType = text.plist.xml; path = Info.plist; sourceTree = "<group>"; };
/* End PBXFileReference section */

/* Begin PBXFrameworksBuildPhase section */
		652854812040BC7A00C4D461 /* Frameworks */ = {
			isa = PBXFrameworksBuildPhase;
			buildActionMask = 2147483647;
			files = (
			);
			runOnlyForDeploymentPostprocessing = 0;
		};
		652854952040BC7B00C4D461 /* Frameworks */ = {
			isa = PBXFrameworksBuildPhase;
			buildActionMask = 2147483647;
			files = (
			);
			runOnlyForDeploymentPostprocessing = 0;
		};
		652854A02040BC7B00C4D461 /* Frameworks */ = {
			isa = PBXFrameworksBuildPhase;
			buildActionMask = 2147483647;
			files = (
			);
			runOnlyForDeploymentPostprocessing = 0;
		};
/* End PBXFrameworksBuildPhase section */

/* Begin PBXGroup section */
		6528547B2040BC7A00C4D461 = {
			isa = PBXGroup;
			children = (
				652854862040BC7A00C4D461 /* SwiftPHPMySQL */,
				6528549B2040BC7B00C4D461 /* SwiftPHPMySQLTests */,
				652854A62040BC7B00C4D461 /* SwiftPHPMySQLUITests */,
				652854852040BC7A00C4D461 /* Products */,
			);
			sourceTree = "<group>";
		};
		652854852040BC7A00C4D461 /* Products */ = {
			isa = PBXGroup;
			children = (
				652854842040BC7A00C4D461 /* SwiftPHPMySQL.app */,
				652854982040BC7B00C4D461 /* SwiftPHPMySQLTests.xctest */,
				652854A32040BC7B00C4D461 /* SwiftPHPMySQLUITests.xctest */,
			);
			name = Products;
			sourceTree = "<group>";
		};
		652854862040BC7A00C4D461 /* SwiftPHPMySQL */ = {
			isa = PBXGroup;
			children = (
				652854872040BC7B00C4D461 /* AppDelegate.swift */,
				652854892040BC7B00C4D461 /* ViewController.swift */,
				6528548B2040BC7B00C4D461 /* Main.storyboard */,
				6528548E2040BC7B00C4D461 /* Assets.xcassets */,
				652854902040BC7B00C4D461 /* LaunchScreen.storyboard */,
				652854932040BC7B00C4D461 /* Info.plist */,
			);
			path = SwiftPHPMySQL;
			sourceTree = "<group>";
		};
		6528549B2040BC7B00C4D461 /* SwiftPHPMySQLTests */ = {
			isa = PBXGroup;
			children = (
				6528549C2040BC7B00C4D461 /* SwiftPHPMySQLTests.swift */,
				6528549E2040BC7B00C4D461 /* Info.plist */,
			);
			path = SwiftPHPMySQLTests;
			sourceTree = "<group>";
		};
		652854A62040BC7B00C4D461 /* SwiftPHPMySQLUITests */ = {
			isa = PBXGroup;
			children = (
				652854A72040BC7B00C4D461 /* SwiftPHPMySQLUITests.swift */,
				652854A92040BC7B00C4D461 /* Info.plist */,
			);
			path = SwiftPHPMySQLUITests;
			sourceTree = "<group>";
		};
/* End PBXGroup section */

/* Begin PBXNativeTarget section */
		652854832040BC7A00C4D461 /* SwiftPHPMySQL */ = {
			isa = PBXNativeTarget;
			buildConfigurationList = 652854AC2040BC7B00C4D461 /* Build configuration list for PBXNativeTarget "SwiftPHPMySQL" */;
			buildPhases = (
				652854802040BC7A00C4D461 /* Sources */,
				652854812040BC7A00C4D461 /* Frameworks */,
				652854822040BC7A00C4D461 /* Resources */,
			);
			buildRules = (
			);
			dependencies = (
			);
			name = SwiftPHPMySQL;
			productName = SwiftPHPMySQL;
			productReference = 652854842040BC7A00C4D461 /* SwiftPHPMySQL.app */;
			productType = "com.apple.product-type.application";
		};
		652854972040BC7B00C4D461 /* SwiftPHPMySQLTests */ = {
			isa = PBXNativeTarget;
			buildConfigurationList = 652854AF2040BC7B00C4D461 /* Build configuration list for PBXNativeTarget "SwiftPHPMySQLTests" */;
			buildPhases = (
				652854942040BC7B00C4D461 /* Sources */,
				652854952040BC7B00C4D461 /* Frameworks */,
				652854962040BC7B00C4D461 /* Resources */,
			);
			buildRules = (
			);
			dependencies = (
				6528549A2040BC7B00C4D461 /* PBXTargetDependency */,
			);
			name = SwiftPHPMySQLTests;
			productName = SwiftPHPMySQLTests;
			productReference = 652854982040BC7B00C4D461 /* SwiftPHPMySQLTests.xctest */;
			productType = "com.apple.product-type.bundle.unit-test";
		};
		652854A22040BC7B00C4D461 /* SwiftPHPMySQLUITests */ = {
			isa = PBXNativeTarget;
			buildConfigurationList = 652854B22040BC7B00C4D461 /* Build configuration list for PBXNativeTarget "SwiftPHPMySQLUITests" */;
			buildPhases = (
				6528549F2040BC7B00C4D461 /* Sources */,
				652854A02040BC7B00C4D461 /* Frameworks */,
				652854A12040BC7B00C4D461 /* Resources */,
			);
			buildRules = (
			);
			dependencies = (
				652854A52040BC7B00C4D461 /* PBXTargetDependency */,
			);
			name = SwiftPHPMySQLUITests;
			productName = SwiftPHPMySQLUITests;
			productReference = 652854A32040BC7B00C4D461 /* SwiftPHPMySQLUITests.xctest */;
			productType = "com.apple.product-type.bundle.ui-testing";
		};
/* End PBXNativeTarget section */

/* Begin PBXProject section */
		6528547C2040BC7A00C4D461 /* Project object */ = {
			isa = PBXProject;
			attributes = {
				LastSwiftUpdateCheck = 0920;
				LastUpgradeCheck = 0920;
				ORGANIZATIONNAME = "My Computer";
				TargetAttributes = {
					652854832040BC7A00C4D461 = {
						CreatedOnToolsVersion = 9.2;
						ProvisioningStyle = Automatic;
					};
					652854972040BC7B00C4D461 = {
						CreatedOnToolsVersion = 9.2;
						ProvisioningStyle = Automatic;
						TestTargetID = 652854832040BC7A00C4D461;
					};
					652854A22040BC7B00C4D461 = {
						CreatedOnToolsVersion = 9.2;
						ProvisioningStyle = Automatic;
						TestTargetID = 652854832040BC7A00C4D461;
					};
				};
			};
			buildConfigurationList = 6528547F2040BC7A00C4D461 /* Build configuration list for PBXProject "SwiftPHPMySQL" */;
			compatibilityVersion = "Xcode 8.0";
			developmentRegion = en;
			hasScannedForEncodings = 0;
			knownRegions = (
				en,
				Base,
			);
			mainGroup = 6528547B2040BC7A00C4D461;
			productRefGroup = 652854852040BC7A00C4D461 /* Products */;
			projectDirPath = "";
			projectRoot = "";
			targets = (
				652854832040BC7A00C4D461 /* SwiftPHPMySQL */,
				652854972040BC7B00C4D461 /* SwiftPHPMySQLTests */,
				652854A22040BC7B00C4D461 /* SwiftPHPMySQLUITests */,
			);
		};
/* End PBXProject section */

/* Begin PBXResourcesBuildPhase section */
		652854822040BC7A00C4D461 /* Resources */ = {
			isa = PBXResourcesBuildPhase;
			buildActionMask = 2147483647;
			files = (
				652854922040BC7B00C4D461 /* LaunchScreen.storyboard in Resources */,
				6528548F2040BC7B00C4D461 /* Assets.xcassets in Resources */,
				6528548D2040BC7B00C4D461 /* Main.storyboard in Resources */,
			);
			runOnlyForDeploymentPostprocessing = 0;
		};
		652854962040BC7B00C4D461 /* Resources */ = {
			isa = PBXResourcesBuildPhase;
			buildActionMask = 2147483647;
			files = (
			);
			runOnlyForDeploymentPostprocessing = 0;
		};
		652854A12040BC7B00C4D461 /* Resources */ = {
			isa = PBXResourcesBuildPhase;
			buildActionMask = 2147483647;
			files = (
			);
			runOnlyForDeploymentPostprocessing = 0;
		};
/* End PBXResourcesBuildPhase section */

/* Begin PBXSourcesBuildPhase section */
		652854802040BC7A00C4D461 /* Sources */ = {
			isa = PBXSourcesBuildPhase;
			buildActionMask = 2147483647;
			files = (
				6528548A2040BC7B00C4D461 /* ViewController.swift in Sources */,
				652854882040BC7B00C4D461 /* AppDelegate.swift in Sources */,
			);
			runOnlyForDeploymentPostprocessing = 0;
		};
		652854942040BC7B00C4D461 /* Sources */ = {
			isa = PBXSourcesBuildPhase;
			buildActionMask = 2147483647;
			files = (
				6528549D2040BC7B00C4D461 /* SwiftPHPMySQLTests.swift in Sources */,
			);
			runOnlyForDeploymentPostprocessing = 0;
		};
		6528549F2040BC7B00C4D461 /* Sources */ = {
			isa = PBXSourcesBuildPhase;
			buildActionMask = 2147483647;
			files = (
				652854A82040BC7B00C4D461 /* SwiftPHPMySQLUITests.swift in Sources */,
			);
			runOnlyForDeploymentPostprocessing = 0;
		};
/* End PBXSourcesBuildPhase section */

/* Begin PBXTargetDependency section */
		6528549A2040BC7B00C4D461 /* PBXTargetDependency */ = {
			isa = PBXTargetDependency;
			target = 652854832040BC7A00C4D461 /* SwiftPHPMySQL */;
			targetProxy = 652854992040BC7B00C4D461 /* PBXContainerItemProxy */;
		};
		652854A52040BC7B00C4D461 /* PBXTargetDependency */ = {
			isa = PBXTargetDependency;
			target = 652854832040BC7A00C4D461 /* SwiftPHPMySQL */;
			targetProxy = 652854A42040BC7B00C4D461 /* PBXContainerItemProxy */;
		};
/* End PBXTargetDependency section */

/* Begin PBXVariantGroup section */
		6528548B2040BC7B00C4D461 /* Main.storyboard */ = {
			isa = PBXVariantGroup;
			children = (
				6528548C2040BC7B00C4D461 /* Base */,
			);
			name = Main.storyboard;
			sourceTree = "<group>";
		};
		652854902040BC7B00C4D461 /* LaunchScreen.storyboard */ = {
			isa = PBXVariantGroup;
			children = (
				652854912040BC7B00C4D461 /* Base */,
			);
			name = LaunchScreen.storyboard;
			sourceTree = "<group>";
		};
/* End PBXVariantGroup section */

/* Begin XCBuildConfiguration section */
		652854AA2040BC7B00C4D461 /* Debug */ = {
			isa = XCBuildConfiguration;
			buildSettings = {
				ALWAYS_SEARCH_USER_PATHS = NO;
				CLANG_ANALYZER_NONNULL = YES;
				CLANG_ANALYZER_NUMBER_OBJECT_CONVERSION = YES_AGGRESSIVE;
				CLANG_CXX_LANGUAGE_STANDARD = "gnu++14";
				CLANG_CXX_LIBRARY = "libc++";
				CLANG_ENABLE_MODULES = YES;
				CLANG_ENABLE_OBJC_ARC = YES;
				CLANG_WARN_BLOCK_CAPTURE_AUTORELEASING = YES;
				CLANG_WARN_BOOL_CONVERSION = YES;
				CLANG_WARN_COMMA = YES;
				CLANG_WARN_CONSTANT_CONVERSION = YES;
				CLANG_WARN_DIRECT_OBJC_ISA_USAGE = YES_ERROR;
				CLANG_WARN_DOCUMENTATION_COMMENTS = YES;
				CLANG_WARN_EMPTY_BODY = YES;
				CLANG_WARN_ENUM_CONVERSION = YES;
				CLANG_WARN_INFINITE_RECURSION = YES;
				CLANG_WARN_INT_CONVERSION = YES;
				CLANG_WARN_NON_LITERAL_NULL_CONVERSION = YES;
				CLANG_WARN_OBJC_LITERAL_CONVERSION = YES;
				CLANG_WARN_OBJC_ROOT_CLASS = YES_ERROR;
				CLANG_WARN_RANGE_LOOP_ANALYSIS = YES;
				CLANG_WARN_STRICT_PROTOTYPES = YES;
				CLANG_WARN_SUSPICIOUS_MOVE = YES;
				CLANG_WARN_UNGUARDED_AVAILABILITY = YES_AGGRESSIVE;
				CLANG_WARN_UNREACHABLE_CODE = YES;
				CLANG_WARN__DUPLICATE_METHOD_MATCH = YES;
				CODE_SIGN_IDENTITY = "iPhone Developer";
				COPY_PHASE_STRIP = NO;
				DEBUG_INFORMATION_FORMAT = dwarf;
				ENABLE_STRICT_OBJC_MSGSEND = YES;
				ENABLE_TESTABILITY = YES;
				GCC_C_LANGUAGE_STANDARD = gnu11;
				GCC_DYNAMIC_NO_PIC = NO;
				GCC_NO_COMMON_BLOCKS = YES;
				GCC_OPTIMIZATION_LEVEL = 0;
				GCC_PREPROCESSOR_DEFINITIONS = (
					"DEBUG=1",
					"$(inherited)",
				);
				GCC_WARN_64_TO_32_BIT_CONVERSION = YES;
				GCC_WARN_ABOUT_RETURN_TYPE = YES_ERROR;
				GCC_WARN_UNDECLARED_SELECTOR = YES;
				GCC_WARN_UNINITIALIZED_AUTOS = YES_AGGRESSIVE;
				GCC_WARN_UNUSED_FUNCTION = YES;
				GCC_WARN_UNUSED_VARIABLE = YES;
				IPHONEOS_DEPLOYMENT_TARGET = 11.2;
				MTL_ENABLE_DEBUG_INFO = YES;
				ONLY_ACTIVE_ARCH = YES;
				SDKROOT = iphoneos;
				SWIFT_ACTIVE_COMPILATION_CONDITIONS = DEBUG;
				SWIFT_OPTIMIZATION_LEVEL = "-Onone";
			};
			name = Debug;
		};
		652854AB2040BC7B00C4D461 /* Release */ = {
			isa = XCBuildConfiguration;
			buildSettings = {
				ALWAYS_SEARCH_USER_PATHS = NO;
				CLANG_ANALYZER_NONNULL = YES;
				CLANG_ANALYZER_NUMBER_OBJECT_CONVERSION = YES_AGGRESSIVE;
				CLANG_CXX_LANGUAGE_STANDARD = "gnu++14";
				CLANG_CXX_LIBRARY = "libc++";
				CLANG_ENABLE_MODULES = YES;
				CLANG_ENABLE_OBJC_ARC = YES;
				CLANG_WARN_BLOCK_CAPTURE_AUTORELEASING = YES;
				CLANG_WARN_BOOL_CONVERSION = YES;
				CLANG_WARN_COMMA = YES;
				CLANG_WARN_CONSTANT_CONVERSION = YES;
				CLANG_WARN_DIRECT_OBJC_ISA_USAGE = YES_ERROR;
				CLANG_WARN_DOCUMENTATION_COMMENTS = YES;
				CLANG_WARN_EMPTY_BODY = YES;
				CLANG_WARN_ENUM_CONVERSION = YES;
				CLANG_WARN_INFINITE_RECURSION = YES;
				CLANG_WARN_INT_CONVERSION = YES;
				CLANG_WARN_NON_LITERAL_NULL_CONVERSION = YES;
				CLANG_WARN_OBJC_LITERAL_CONVERSION = YES;
				CLANG_WARN_OBJC_ROOT_CLASS = YES_ERROR;
				CLANG_WARN_RANGE_LOOP_ANALYSIS = YES;
				CLANG_WARN_STRICT_PROTOTYPES = YES;
				CLANG_WARN_SUSPICIOUS_MOVE = YES;
				CLANG_WARN_UNGUARDED_AVAILABILITY = YES_AGGRESSIVE;
				CLANG_WARN_UNREACHABLE_CODE = YES;
				CLANG_WARN__DUPLICATE_METHOD_MATCH = YES;
				CODE_SIGN_IDENTITY = "iPhone Developer";
				COPY_PHASE_STRIP = NO;
				DEBUG_INFORMATION_FORMAT = "dwarf-with-dsym";
				ENABLE_NS_ASSERTIONS = NO;
				ENABLE_STRICT_OBJC_MSGSEND = YES;
				GCC_C_LANGUAGE_STANDARD = gnu11;
				GCC_NO_COMMON_BLOCKS = YES;
				GCC_WARN_64_TO_32_BIT_CONVERSION = YES;
				GCC_WARN_ABOUT_RETURN_TYPE = YES_ERROR;
				GCC_WARN_UNDECLARED_SELECTOR = YES;
				GCC_WARN_UNINITIALIZED_AUTOS = YES_AGGRESSIVE;
				GCC_WARN_UNUSED_FUNCTION = YES;
				GCC_WARN_UNUSED_VARIABLE = YES;
				IPHONEOS_DEPLOYMENT_TARGET = 11.2;
				MTL_ENABLE_DEBUG_INFO = NO;
				SDKROOT = iphoneos;
				SWIFT_OPTIMIZATION_LEVEL = "-Owholemodule";
				VALIDATE_PRODUCT = YES;
			};
			name = Release;
		};
		652854AD2040BC7B00C4D461 /* Debug */ = {
			isa = XCBuildConfiguration;
			buildSettings = {
				ASSETCATALOG_COMPILER_APPICON_NAME = AppIcon;
				CODE_SIGN_STYLE = Automatic;
				DEVELOPMENT_TEAM = XQLVBEDK48;
				INFOPLIST_FILE = SwiftPHPMySQL/Info.plist;
				LD_RUNPATH_SEARCH_PATHS = "$(inherited) @executable_path/Frameworks";
				PRODUCT_BUNDLE_IDENTIFIER = com.goindu.SwiftPHPMySQL;
				PRODUCT_NAME = "$(TARGET_NAME)";
				SWIFT_VERSION = 4.0;
				TARGETED_DEVICE_FAMILY = "1,2";
			};
			name = Debug;
		};
		652854AE2040BC7B00C4D461 /* Release */ = {
			isa = XCBuildConfiguration;
			buildSettings = {
				ASSETCATALOG_COMPILER_APPICON_NAME = AppIcon;
				CODE_SIGN_STYLE = Automatic;
				DEVELOPMENT_TEAM = XQLVBEDK48;
				INFOPLIST_FILE = SwiftPHPMySQL/Info.plist;
				LD_RUNPATH_SEARCH_PATHS = "$(inherited) @executable_path/Frameworks";
				PRODUCT_BUNDLE_IDENTIFIER = com.goindu.SwiftPHPMySQL;
				PRODUCT_NAME = "$(TARGET_NAME)";
				SWIFT_VERSION = 4.0;
				TARGETED_DEVICE_FAMILY = "1,2";
			};
			name = Release;
		};
		652854B02040BC7B00C4D461 /* Debug */ = {
			isa = XCBuildConfiguration;
			buildSettings = {
				ALWAYS_EMBED_SWIFT_STANDARD_LIBRARIES = YES;
				BUNDLE_LOADER = "$(TEST_HOST)";
				CODE_SIGN_STYLE = Automatic;
				DEVELOPMENT_TEAM = XQLVBEDK48;
				INFOPLIST_FILE = SwiftPHPMySQLTests/Info.plist;
				LD_RUNPATH_SEARCH_PATHS = "$(inherited) @executable_path/Frameworks @loader_path/Frameworks";
				PRODUCT_BUNDLE_IDENTIFIER = com.goindu.SwiftPHPMySQLTests;
				PRODUCT_NAME = "$(TARGET_NAME)";
				SWIFT_VERSION = 4.0;
				TARGETED_DEVICE_FAMILY = "1,2";
				TEST_HOST = "$(BUILT_PRODUCTS_DIR)/SwiftPHPMySQL.app/SwiftPHPMySQL";
			};
			name = Debug;
		};
		652854B12040BC7B00C4D461 /* Release */ = {
			isa = XCBuildConfiguration;
			buildSettings = {
				ALWAYS_EMBED_SWIFT_STANDARD_LIBRARIES = YES;
				BUNDLE_LOADER = "$(TEST_HOST)";
				CODE_SIGN_STYLE = Automatic;
				DEVELOPMENT_TEAM = XQLVBEDK48;
				INFOPLIST_FILE = SwiftPHPMySQLTests/Info.plist;
				LD_RUNPATH_SEARCH_PATHS = "$(inherited) @executable_path/Frameworks @loader_path/Frameworks";
				PRODUCT_BUNDLE_IDENTIFIER = com.goindu.SwiftPHPMySQLTests;
				PRODUCT_NAME = "$(TARGET_NAME)";
				SWIFT_VERSION = 4.0;
				TARGETED_DEVICE_FAMILY = "1,2";
				TEST_HOST = "$(BUILT_PRODUCTS_DIR)/SwiftPHPMySQL.app/SwiftPHPMySQL";
			};
			name = Release;
		};
		652854B32040BC7B00C4D461 /* Debug */ = {
			isa = XCBuildConfiguration;
			buildSettings = {
				ALWAYS_EMBED_SWIFT_STANDARD_LIBRARIES = YES;
				CODE_SIGN_STYLE = Automatic;
				DEVELOPMENT_TEAM = XQLVBEDK48;
				INFOPLIST_FILE = SwiftPHPMySQLUITests/Info.plist;
				LD_RUNPATH_SEARCH_PATHS = "$(inherited) @executable_path/Frameworks @loader_path/Frameworks";
				PRODUCT_BUNDLE_IDENTIFIER = com.goindu.SwiftPHPMySQLUITests;
				PRODUCT_NAME = "$(TARGET_NAME)";
				SWIFT_VERSION = 4.0;
				TARGETED_DEVICE_FAMILY = "1,2";
				TEST_TARGET_NAME = SwiftPHPMySQL;
			};
			name = Debug;
		};
		652854B42040BC7B00C4D461 /* Release */ = {
			isa = XCBuildConfiguration;
			buildSettings = {
				ALWAYS_EMBED_SWIFT_STANDARD_LIBRARIES = YES;
				CODE_SIGN_STYLE = Automatic;
				DEVELOPMENT_TEAM = XQLVBEDK48;
				INFOPLIST_FILE = SwiftPHPMySQLUITests/Info.plist;
				LD_RUNPATH_SEARCH_PATHS = "$(inherited) @executable_path/Frameworks @loader_path/Frameworks";
				PRODUCT_BUNDLE_IDENTIFIER = com.goindu.SwiftPHPMySQLUITests;
				PRODUCT_NAME = "$(TARGET_NAME)";
				SWIFT_VERSION = 4.0;
				TARGETED_DEVICE_FAMILY = "1,2";
				TEST_TARGET_NAME = SwiftPHPMySQL;
			};
			name = Release;
		};
/* End XCBuildConfiguration section */

/* Begin XCConfigurationList section */
		6528547F2040BC7A00C4D461 /* Build configuration list for PBXProject "SwiftPHPMySQL" */ = {
			isa = XCConfigurationList;
			buildConfigurations = (
				652854AA2040BC7B00C4D461 /* Debug */,
				652854AB2040BC7B00C4D461 /* Release */,
			);
			defaultConfigurationIsVisible = 0;
			defaultConfigurationName = Release;
		};
		652854AC2040BC7B00C4D461 /* Build configuration list for PBXNativeTarget "SwiftPHPMySQL" */ = {
			isa = XCConfigurationList;
			buildConfigurations = (
				652854AD2040BC7B00C4D461 /* Debug */,
				652854AE2040BC7B00C4D461 /* Release */,
			);
			defaultConfigurationIsVisible = 0;
			defaultConfigurationName = Release;
		};
		652854AF2040BC7B00C4D461 /* Build configuration list for PBXNativeTarget "SwiftPHPMySQLTests" */ = {
			isa = XCConfigurationList;
			buildConfigurations = (
				652854B02040BC7B00C4D461 /* Debug */,
				652854B12040BC7B00C4D461 /* Release */,
			);
			defaultConfigurationIsVisible = 0;
			defaultConfigurationName = Release;
		};
		652854B22040BC7B00C4D461 /* Build configuration list for PBXNativeTarget "SwiftPHPMySQLUITests" */ = {
			isa = XCConfigurationList;
			buildConfigurations = (
				652854B32040BC7B00C4D461 /* Debug */,
				652854B42040BC7B00C4D461 /* Release */,
			);
			defaultConfigurationIsVisible = 0;
			defaultConfigurationName = Release;
		};
/* End XCConfigurationList section */
	};
	rootObject = 6528547C2040BC7A00C4D461 /* Project object */;
}
